// !$*UTF8*$!
{
	archiveVersion = 1;
	classes = {
	};
	objectVersion = 50;
	objects = {

/* Begin PBXBuildFile section */
		79FAF9472358FE750076E462 /* AppDelegate.swift in Sources */ = {isa = PBXBuildFile; fileRef = 79FAF9462358FE750076E462 /* AppDelegate.swift */; };
		79FAF9492358FE750076E462 /* SceneDelegate.swift in Sources */ = {isa = PBXBuildFile; fileRef = 79FAF9482358FE750076E462 /* SceneDelegate.swift */; };
		79FAF94B2358FE750076E462 /* ViewController.swift in Sources */ = {isa = PBXBuildFile; fileRef = 79FAF94A2358FE750076E462 /* ViewController.swift */; };
		79FAF94E2358FE750076E462 /* Main.storyboard in Resources */ = {isa = PBXBuildFile; fileRef = 79FAF94C2358FE750076E462 /* Main.storyboard */; };
		79FAF9512358FE750076E462 /* group18_Assignment_6.xcdatamodeld in Sources */ = {isa = PBXBuildFile; fileRef = 79FAF94F2358FE750076E462 /* group18_Assignment_6.xcdatamodeld */; };
		79FAF9532358FE760076E462 /* Assets.xcassets in Resources */ = {isa = PBXBuildFile; fileRef = 79FAF9522358FE760076E462 /* Assets.xcassets */; };
		79FAF9562358FE760076E462 /* LaunchScreen.storyboard in Resources */ = {isa = PBXBuildFile; fileRef = 79FAF9542358FE760076E462 /* LaunchScreen.storyboard */; };
/* End PBXBuildFile section */

/* Begin PBXFileReference section */
		79FAF9432358FE750076E462 /* group18_Assignment 6.app */ = {isa = PBXFileReference; explicitFileType = wrapper.application; includeInIndex = 0; path = "group18_Assignment 6.app"; sourceTree = BUILT_PRODUCTS_DIR; };
		79FAF9462358FE750076E462 /* AppDelegate.swift */ = {isa = PBXFileReference; lastKnownFileType = sourcecode.swift; path = AppDelegate.swift; sourceTree = "<group>"; };
		79FAF9482358FE750076E462 /* SceneDelegate.swift */ = {isa = PBXFileReference; lastKnownFileType = sourcecode.swift; path = SceneDelegate.swift; sourceTree = "<group>"; };
		79FAF94A2358FE750076E462 /* ViewController.swift */ = {isa = PBXFileReference; lastKnownFileType = sourcecode.swift; path = ViewController.swift; sourceTree = "<group>"; };
		79FAF94D2358FE750076E462 /* Base */ = {isa = PBXFileReference; lastKnownFileType = file.storyboard; name = Base; path = Base.lproj/Main.storyboard; sourceTree = "<group>"; };
		79FAF9502358FE750076E462 /* group18_Assignment_6.xcdatamodel */ = {isa = PBXFileReference; lastKnownFileType = wrapper.xcdatamodel; path = group18_Assignment_6.xcdatamodel; sourceTree = "<group>"; };
		79FAF9522358FE760076E462 /* Assets.xcassets */ = {isa = PBXFileReference; lastKnownFileType = folder.assetcatalog; path = Assets.xcassets; sourceTree = "<group>"; };
		79FAF9552358FE760076E462 /* Base */ = {isa = PBXFileReference; lastKnownFileType = file.storyboard; name = Base; path = Base.lproj/LaunchScreen.storyboard; sourceTree = "<group>"; };
		79FAF9572358FE760076E462 /* Info.plist */ = {isa = PBXFileReference; lastKnownFileType = text.plist.xml; path = Info.plist; sourceTree = "<group>"; };
/* End PBXFileReference section */

/* Begin PBXFrameworksBuildPhase section */
		79FAF9402358FE750076E462 /* Frameworks */ = {
			isa = PBXFrameworksBuildPhase;
			buildActionMask = 2147483647;
			files = (
			);
			runOnlyForDeploymentPostprocessing = 0;
		};
/* End PBXFrameworksBuildPhase section */

/* Begin PBXGroup section */
		79FAF93A2358FE750076E462 = {
			isa = PBXGroup;
			children = (
				79FAF9452358FE750076E462 /* group18_Assignment 6 */,
				79FAF9442358FE750076E462 /* Products */,
			);
			sourceTree = "<group>";
		};
		79FAF9442358FE750076E462 /* Products */ = {
			isa = PBXGroup;
			children = (
				79FAF9432358FE750076E462 /* group18_Assignment 6.app */,
			);
			name = Products;
			sourceTree = "<group>";
		};
		79FAF9452358FE750076E462 /* group18_Assignment 6 */ = {
			isa = PBXGroup;
			children = (
				79FAF9462358FE750076E462 /* AppDelegate.swift */,
				79FAF9482358FE750076E462 /* SceneDelegate.swift */,
				79FAF94A2358FE750076E462 /* ViewController.swift */,
				79FAF94C2358FE750076E462 /* Main.storyboard */,
				79FAF9522358FE760076E462 /* Assets.xcassets */,
				79FAF9542358FE760076E462 /* LaunchScreen.storyboard */,
				79FAF9572358FE760076E462 /* Info.plist */,
				79FAF94F2358FE750076E462 /* group18_Assignment_6.xcdatamodeld */,
			);
			path = "group18_Assignment 6";
			sourceTree = "<group>";
		};
/* End PBXGroup section */

/* Begin PBXNativeTarget section */
		79FAF9422358FE750076E462 /* group18_Assignment 6 */ = {
			isa = PBXNativeTarget;
			buildConfigurationList = 79FAF95A2358FE760076E462 /* Build configuration list for PBXNativeTarget "group18_Assignment 6" */;
			buildPhases = (
				79FAF93F2358FE750076E462 /* Sources */,
				79FAF9402358FE750076E462 /* Frameworks */,
				79FAF9412358FE750076E462 /* Resources */,
			);
			buildRules = (
			);
			dependencies = (
			);
			name = "group18_Assignment 6";
			productName = "group18_Assignment 6";
			productReference = 79FAF9432358FE750076E462 /* group18_Assignment 6.app */;
			productType = "com.apple.product-type.application";
		};
/* End PBXNativeTarget section */

/* Begin PBXProject section */
		79FAF93B2358FE750076E462 /* Project object */ = {
			isa = PBXProject;
			attributes = {
				LastSwiftUpdateCheck = 1110;
				LastUpgradeCheck = 1110;
				ORGANIZATIONNAME = "Group 18";
				TargetAttributes = {
					79FAF9422358FE750076E462 = {
						CreatedOnToolsVersion = 11.1;
					};
				};
			};
			buildConfigurationList = 79FAF93E2358FE750076E462 /* Build configuration list for PBXProject "group18_Assignment 6" */;
			compatibilityVersion = "Xcode 9.3";
			developmentRegion = en;
			hasScannedForEncodings = 0;
			knownRegions = (
				en,
				Base,
			);
			mainGroup = 79FAF93A2358FE750076E462;
			productRefGroup = 79FAF9442358FE750076E462 /* Products */;
			projectDirPath = "";
			projectRoot = "";
			targets = (
				79FAF9422358FE750076E462 /* group18_Assignment 6 */,
			);
		};
/* End PBXProject section */

/* Begin PBXResourcesBuildPhase section */
		79FAF9412358FE750076E462 /* Resources */ = {
			isa = PBXResourcesBuildPhase;
			buildActionMask = 2147483647;
			files = (
				79FAF9562358FE760076E462 /* LaunchScreen.storyboard in Resources */,
				79FAF9532358FE760076E462 /* Assets.xcassets in Resources */,
				79FAF94E2358FE750076E462 /* Main.storyboard in Resources */,
			);
			runOnlyForDeploymentPostprocessing = 0;
		};
/* End PBXResourcesBuildPhase section */

/* Begin PBXSourcesBuildPhase section */
		79FAF93F2358FE750076E462 /* Sources */ = {
			isa = PBXSourcesBuildPhase;
			buildActionMask = 2147483647;
			files = (
				79FAF9512358FE750076E462 /* group18_Assignment_6.xcdatamodeld in Sources */,
				79FAF94B2358FE750076E462 /* ViewController.swift in Sources */,
				79FAF9472358FE750076E462 /* AppDelegate.swift in Sources */,
				79FAF9492358FE750076E462 /* SceneDelegate.swift in Sources */,
			);
			runOnlyForDeploymentPostprocessing = 0;
		};
/* End PBXSourcesBuildPhase section */

/* Begin PBXVariantGroup section */
		79FAF94C2358FE750076E462 /* Main.storyboard */ = {
			isa = PBXVariantGroup;
			children = (
				79FAF94D2358FE750076E462 /* Base */,
			);
			name = Main.storyboard;
			sourceTree = "<group>";
		};
		79FAF9542358FE760076E462 /* LaunchScreen.storyboard */ = {
			isa = PBXVariantGroup;
			children = (
				79FAF9552358FE760076E462 /* Base */,
			);
			name = LaunchScreen.storyboard;
			sourceTree = "<group>";
		};
/* End PBXVariantGroup section */

/* Begin XCBuildConfiguration section */
		79FAF9582358FE760076E462 /* Debug */ = {
			isa = XCBuildConfiguration;
			buildSettings = {
				ALWAYS_SEARCH_USER_PATHS = NO;
				CLANG_ANALYZER_NONNULL = YES;
				CLANG_ANALYZER_NUMBER_OBJECT_CONVERSION = YES_AGGRESSIVE;
				CLANG_CXX_LANGUAGE_STANDARD = "gnu++14";
				CLANG_CXX_LIBRARY = "libc++";
				CLANG_ENABLE_MODULES = YES;
				CLANG_ENABLE_OBJC_ARC = YES;
				CLANG_ENABLE_OBJC_WEAK = YES;
				CLANG_WARN_BLOCK_CAPTURE_AUTORELEASING = YES;
				CLANG_WARN_BOOL_CONVERSION = YES;
				CLANG_WARN_COMMA = YES;
				CLANG_WARN_CONSTANT_CONVERSION = YES;
				CLANG_WARN_DEPRECATED_OBJC_IMPLEMENTATIONS = YES;
				CLANG_WARN_DIRECT_OBJC_ISA_USAGE = YES_ERROR;
				CLANG_WARN_DOCUMENTATION_COMMENTS = YES;
				CLANG_WARN_EMPTY_BODY = YES;
				CLANG_WARN_ENUM_CONVERSION = YES;
				CLANG_WARN_INFINITE_RECURSION = YES;
				CLANG_WARN_INT_CONVERSION = YES;
				CLANG_WARN_NON_LITERAL_NULL_CONVERSION = YES;
				CLANG_WARN_OBJC_IMPLICIT_RETAIN_SELF = YES;
				CLANG_WARN_OBJC_LITERAL_CONVERSION = YES;
				CLANG_WARN_OBJC_ROOT_CLASS = YES_ERROR;
				CLANG_WARN_RANGE_LOOP_ANALYSIS = YES;
				CLANG_WARN_STRICT_PROTOTYPES = YES;
				CLANG_WARN_SUSPICIOUS_MOVE = YES;
				CLANG_WARN_UNGUARDED_AVAILABILITY = YES_AGGRESSIVE;
				CLANG_WARN_UNREACHABLE_CODE = YES;
				CLANG_WARN__DUPLICATE_METHOD_MATCH = YES;
				COPY_PHASE_STRIP = NO;
				DEBUG_INFORMATION_FORMAT = dwarf;
				ENABLE_STRICT_OBJC_MSGSEND = YES;
				ENABLE_TESTABILITY = YES;
				GCC_C_LANGUAGE_STANDARD = gnu11;
				GCC_DYNAMIC_NO_PIC = NO;
				GCC_NO_COMMON_BLOCKS = YES;
				GCC_OPTIMIZATION_LEVEL = 0;
				GCC_PREPROCESSOR_DEFINITIONS = (
					"DEBUG=1",
					"$(inherited)",
				);
				GCC_WARN_64_TO_32_BIT_CONVERSION = YES;
				GCC_WARN_ABOUT_RETURN_TYPE = YES_ERROR;
				GCC_WARN_UNDECLARED_SELECTOR = YES;
				GCC_WARN_UNINITIALIZED_AUTOS = YES_AGGRESSIVE;
				GCC_WARN_UNUSED_FUNCTION = YES;
				GCC_WARN_UNUSED_VARIABLE = YES;
				IPHONEOS_DEPLOYMENT_TARGET = 13.1;
				MTL_ENABLE_DEBUG_INFO = INCLUDE_SOURCE;
				MTL_FAST_MATH = YES;
				ONLY_ACTIVE_ARCH = YES;
				SDKROOT = iphoneos;
				SWIFT_ACTIVE_COMPILATION_CONDITIONS = DEBUG;
				SWIFT_OPTIMIZATION_LEVEL = "-Onone";
			};
			name = Debug;
		};
		79FAF9592358FE760076E462 /* Release */ = {
			isa = XCBuildConfiguration;
			buildSettings = {
				ALWAYS_SEARCH_USER_PATHS = NO;
				CLANG_ANALYZER_NONNULL = YES;
				CLANG_ANALYZER_NUMBER_OBJECT_CONVERSION = YES_AGGRESSIVE;
				CLANG_CXX_LANGUAGE_STANDARD = "gnu++14";
				CLANG_CXX_LIBRARY = "libc++";
				CLANG_ENABLE_MODULES = YES;
				CLANG_ENABLE_OBJC_ARC = YES;
				CLANG_ENABLE_OBJC_WEAK = YES;
				CLANG_WARN_BLOCK_CAPTURE_AUTORELEASING = YES;
				CLANG_WARN_BOOL_CONVERSION = YES;
				CLANG_WARN_COMMA = YES;
				CLANG_WARN_CONSTANT_CONVERSION = YES;
				CLANG_WARN_DEPRECATED_OBJC_IMPLEMENTATIONS = YES;
				CLANG_WARN_DIRECT_OBJC_ISA_USAGE = YES_ERROR;
				CLANG_WARN_DOCUMENTATION_COMMENTS = YES;
				CLANG_WARN_EMPTY_BODY = YES;
				CLANG_WARN_ENUM_CONVERSION = YES;
				CLANG_WARN_INFINITE_RECURSION = YES;
				CLANG_WARN_INT_CONVERSION = YES;
				CLANG_WARN_NON_LITERAL_NULL_CONVERSION = YES;
				CLANG_WARN_OBJC_IMPLICIT_RETAIN_SELF = YES;
				CLANG_WARN_OBJC_LITERAL_CONVERSION = YES;
				CLANG_WARN_OBJC_ROOT_CLASS = YES_ERROR;
				CLANG_WARN_RANGE_LOOP_ANALYSIS = YES;
				CLANG_WARN_STRICT_PROTOTYPES = YES;
				CLANG_WARN_SUSPICIOUS_MOVE = YES;
				CLANG_WARN_UNGUARDED_AVAILABILITY = YES_AGGRESSIVE;
				CLANG_WARN_UNREACHABLE_CODE = YES;
				CLANG_WARN__DUPLICATE_METHOD_MATCH = YES;
				COPY_PHASE_STRIP = NO;
				DEBUG_INFORMATION_FORMAT = "dwarf-with-dsym";
				ENABLE_NS_ASSERTIONS = NO;
				ENABLE_STRICT_OBJC_MSGSEND = YES;
				GCC_C_LANGUAGE_STANDARD = gnu11;
				GCC_NO_COMMON_BLOCKS = YES;
				GCC_WARN_64_TO_32_BIT_CONVERSION = YES;
				GCC_WARN_ABOUT_RETURN_TYPE = YES_ERROR;
				GCC_WARN_UNDECLARED_SELECTOR = YES;
				GCC_WARN_UNINITIALIZED_AUTOS = YES_AGGRESSIVE;
				GCC_WARN_UNUSED_FUNCTION = YES;
				GCC_WARN_UNUSED_VARIABLE = YES;
				IPHONEOS_DEPLOYMENT_TARGET = 13.1;
				MTL_ENABLE_DEBUG_INFO = NO;
				MTL_FAST_MATH = YES;
				SDKROOT = iphoneos;
				SWIFT_COMPILATION_MODE = wholemodule;
				SWIFT_OPTIMIZATION_LEVEL = "-O";
				VALIDATE_PRODUCT = YES;
			};
			name = Release;
		};
		79FAF95B2358FE760076E462 /* Debug */ = {
			isa = XCBuildConfiguration;
			buildSettings = {
				ASSETCATALOG_COMPILER_APPICON_NAME = AppIcon;
				CODE_SIGN_STYLE = Automatic;
				INFOPLIST_FILE = "group18_Assignment 6/Info.plist";
				LD_RUNPATH_SEARCH_PATHS = (
					"$(inherited)",
					"@executable_path/Frameworks",
				);
				PRODUCT_BUNDLE_IDENTIFIER = "cs329e.group18-Assignment-6";
				PRODUCT_NAME = "$(TARGET_NAME)";
				SWIFT_VERSION = 5.0;
				TARGETED_DEVICE_FAMILY = "1,2";
			};
			name = Debug;
		};
		79FAF95C2358FE760076E462 /* Release */ = {
			isa = XCBuildConfiguration;
			buildSettings = {
				ASSETCATALOG_COMPILER_APPICON_NAME = AppIcon;
				CODE_SIGN_STYLE = Automatic;
				INFOPLIST_FILE = "group18_Assignment 6/Info.plist";
				LD_RUNPATH_SEARCH_PATHS = (
					"$(inherited)",
					"@executable_path/Frameworks",
				);
				PRODUCT_BUNDLE_IDENTIFIER = "cs329e.group18-Assignment-6";
				PRODUCT_NAME = "$(TARGET_NAME)";
				SWIFT_VERSION = 5.0;
				TARGETED_DEVICE_FAMILY = "1,2";
			};
			name = Release;
		};
/* End XCBuildConfiguration section */

/* Begin XCConfigurationList section */
		79FAF93E2358FE750076E462 /* Build configuration list for PBXProject "group18_Assignment 6" */ = {
			isa = XCConfigurationList;
			buildConfigurations = (
				79FAF9582358FE760076E462 /* Debug */,
				79FAF9592358FE760076E462 /* Release */,
			);
			defaultConfigurationIsVisible = 0;
			defaultConfigurationName = Release;
		};
		79FAF95A2358FE760076E462 /* Build configuration list for PBXNativeTarget "group18_Assignment 6" */ = {
			isa = XCConfigurationList;
			buildConfigurations = (
				79FAF95B2358FE760076E462 /* Debug */,
				79FAF95C2358FE760076E462 /* Release */,
			);
			defaultConfigurationIsVisible = 0;
			defaultConfigurationName = Release;
		};
/* End XCConfigurationList section */

/* Begin XCVersionGroup section */
		79FAF94F2358FE750076E462 /* group18_Assignment_6.xcdatamodeld */ = {
			isa = XCVersionGroup;
			children = (
				79FAF9502358FE750076E462 /* group18_Assignment_6.xcdatamodel */,
			);
			currentVersion = 79FAF9502358FE750076E462 /* group18_Assignment_6.xcdatamodel */;
			path = group18_Assignment_6.xcdatamodeld;
			sourceTree = "<group>";
			versionGroupType = wrapper.xcdatamodel;
		};
/* End XCVersionGroup section */
	};
	rootObject = 79FAF93B2358FE750076E462 /* Project object */;
}
